// !$*UTF8*$!
{
	archiveVersion = 1;
	classes = {
	};
	objectVersion = 46;
	objects = {

/* Begin PBXBuildFile section */
		AAAB4A901A5D92FD006DEE31 /* AppDelegate.swift in Sources */ = {isa = PBXBuildFile; fileRef = AAAB4A8F1A5D92FD006DEE31 /* AppDelegate.swift */; };
		AAAB4A921A5D92FD006DEE31 /* ViewController.swift in Sources */ = {isa = PBXBuildFile; fileRef = AAAB4A911A5D92FD006DEE31 /* ViewController.swift */; };
		AAAB4A951A5D92FD006DEE31 /* Main.storyboard in Resources */ = {isa = PBXBuildFile; fileRef = AAAB4A931A5D92FD006DEE31 /* Main.storyboard */; };
		AAAB4A971A5D92FD006DEE31 /* Images.xcassets in Resources */ = {isa = PBXBuildFile; fileRef = AAAB4A961A5D92FD006DEE31 /* Images.xcassets */; };
		AAAB4A9A1A5D92FD006DEE31 /* LaunchScreen.xib in Resources */ = {isa = PBXBuildFile; fileRef = AAAB4A981A5D92FD006DEE31 /* LaunchScreen.xib */; };
		AAAB4AA61A5D92FD006DEE31 /* githubTests.swift in Sources */ = {isa = PBXBuildFile; fileRef = AAAB4AA51A5D92FD006DEE31 /* githubTests.swift */; };
/* End PBXBuildFile section */

/* Begin PBXContainerItemProxy section */
		AAAB4AA01A5D92FD006DEE31 /* PBXContainerItemProxy */ = {
			isa = PBXContainerItemProxy;
			containerPortal = AAAB4A821A5D92FD006DEE31 /* Project object */;
			proxyType = 1;
			remoteGlobalIDString = AAAB4A891A5D92FD006DEE31;
			remoteInfo = github;
		};
/* End PBXContainerItemProxy section */

/* Begin PBXFileReference section */
		AAAB4A8A1A5D92FD006DEE31 /* github.app */ = {isa = PBXFileReference; explicitFileType = wrapper.application; includeInIndex = 0; path = github.app; sourceTree = BUILT_PRODUCTS_DIR; };
		AAAB4A8E1A5D92FD006DEE31 /* Info.plist */ = {isa = PBXFileReference; lastKnownFileType = text.plist.xml; path = Info.plist; sourceTree = "<group>"; };
		AAAB4A8F1A5D92FD006DEE31 /* AppDelegate.swift */ = {isa = PBXFileReference; lastKnownFileType = sourcecode.swift; path = AppDelegate.swift; sourceTree = "<group>"; };
		AAAB4A911A5D92FD006DEE31 /* ViewController.swift */ = {isa = PBXFileReference; lastKnownFileType = sourcecode.swift; path = ViewController.swift; sourceTree = "<group>"; };
		AAAB4A941A5D92FD006DEE31 /* Base */ = {isa = PBXFileReference; lastKnownFileType = file.storyboard; name = Base; path = Base.lproj/Main.storyboard; sourceTree = "<group>"; };
		AAAB4A961A5D92FD006DEE31 /* Images.xcassets */ = {isa = PBXFileReference; lastKnownFileType = folder.assetcatalog; path = Images.xcassets; sourceTree = "<group>"; };
		AAAB4A991A5D92FD006DEE31 /* Base */ = {isa = PBXFileReference; lastKnownFileType = file.xib; name = Base; path = Base.lproj/LaunchScreen.xib; sourceTree = "<group>"; };
		AAAB4A9F1A5D92FD006DEE31 /* githubTests.xctest */ = {isa = PBXFileReference; explicitFileType = wrapper.cfbundle; includeInIndex = 0; path = githubTests.xctest; sourceTree = BUILT_PRODUCTS_DIR; };
		AAAB4AA41A5D92FD006DEE31 /* Info.plist */ = {isa = PBXFileReference; lastKnownFileType = text.plist.xml; path = Info.plist; sourceTree = "<group>"; };
		AAAB4AA51A5D92FD006DEE31 /* githubTests.swift */ = {isa = PBXFileReference; lastKnownFileType = sourcecode.swift; path = githubTests.swift; sourceTree = "<group>"; };
/* End PBXFileReference section */

/* Begin PBXFrameworksBuildPhase section */
		AAAB4A871A5D92FD006DEE31 /* Frameworks */ = {
			isa = PBXFrameworksBuildPhase;
			buildActionMask = 2147483647;
			files = (
			);
			runOnlyForDeploymentPostprocessing = 0;
		};
		AAAB4A9C1A5D92FD006DEE31 /* Frameworks */ = {
			isa = PBXFrameworksBuildPhase;
			buildActionMask = 2147483647;
			files = (
			);
			runOnlyForDeploymentPostprocessing = 0;
		};
/* End PBXFrameworksBuildPhase section */

/* Begin PBXGroup section */
		AAAB4A811A5D92FD006DEE31 = {
			isa = PBXGroup;
			children = (
				AAAB4A8C1A5D92FD006DEE31 /* github */,
				AAAB4AA21A5D92FD006DEE31 /* githubTests */,
				AAAB4A8B1A5D92FD006DEE31 /* Products */,
			);
			sourceTree = "<group>";
		};
		AAAB4A8B1A5D92FD006DEE31 /* Products */ = {
			isa = PBXGroup;
			children = (
				AAAB4A8A1A5D92FD006DEE31 /* github.app */,
				AAAB4A9F1A5D92FD006DEE31 /* githubTests.xctest */,
			);
			name = Products;
			sourceTree = "<group>";
		};
		AAAB4A8C1A5D92FD006DEE31 /* github */ = {
			isa = PBXGroup;
			children = (
				AAAB4A8F1A5D92FD006DEE31 /* AppDelegate.swift */,
				AAAB4A911A5D92FD006DEE31 /* ViewController.swift */,
				AAAB4A931A5D92FD006DEE31 /* Main.storyboard */,
				AAAB4A961A5D92FD006DEE31 /* Images.xcassets */,
				AAAB4A981A5D92FD006DEE31 /* LaunchScreen.xib */,
				AAAB4A8D1A5D92FD006DEE31 /* Supporting Files */,
			);
			path = github;
			sourceTree = "<group>";
		};
		AAAB4A8D1A5D92FD006DEE31 /* Supporting Files */ = {
			isa = PBXGroup;
			children = (
				AAAB4A8E1A5D92FD006DEE31 /* Info.plist */,
			);
			name = "Supporting Files";
			sourceTree = "<group>";
		};
		AAAB4AA21A5D92FD006DEE31 /* githubTests */ = {
			isa = PBXGroup;
			children = (
				AAAB4AA51A5D92FD006DEE31 /* githubTests.swift */,
				AAAB4AA31A5D92FD006DEE31 /* Supporting Files */,
			);
			path = githubTests;
			sourceTree = "<group>";
		};
		AAAB4AA31A5D92FD006DEE31 /* Supporting Files */ = {
			isa = PBXGroup;
			children = (
				AAAB4AA41A5D92FD006DEE31 /* Info.plist */,
			);
			name = "Supporting Files";
			sourceTree = "<group>";
		};
/* End PBXGroup section */

/* Begin PBXNativeTarget section */
		AAAB4A891A5D92FD006DEE31 /* github */ = {
			isa = PBXNativeTarget;
			buildConfigurationList = AAAB4AA91A5D92FD006DEE31 /* Build configuration list for PBXNativeTarget "github" */;
			buildPhases = (
				AAAB4A861A5D92FD006DEE31 /* Sources */,
				AAAB4A871A5D92FD006DEE31 /* Frameworks */,
				AAAB4A881A5D92FD006DEE31 /* Resources */,
			);
			buildRules = (
			);
			dependencies = (
			);
			name = github;
			productName = github;
			productReference = AAAB4A8A1A5D92FD006DEE31 /* github.app */;
			productType = "com.apple.product-type.application";
		};
		AAAB4A9E1A5D92FD006DEE31 /* githubTests */ = {
			isa = PBXNativeTarget;
			buildConfigurationList = AAAB4AAC1A5D92FD006DEE31 /* Build configuration list for PBXNativeTarget "githubTests" */;
			buildPhases = (
				AAAB4A9B1A5D92FD006DEE31 /* Sources */,
				AAAB4A9C1A5D92FD006DEE31 /* Frameworks */,
				AAAB4A9D1A5D92FD006DEE31 /* Resources */,
			);
			buildRules = (
			);
			dependencies = (
				AAAB4AA11A5D92FD006DEE31 /* PBXTargetDependency */,
			);
			name = githubTests;
			productName = githubTests;
			productReference = AAAB4A9F1A5D92FD006DEE31 /* githubTests.xctest */;
			productType = "com.apple.product-type.bundle.unit-test";
		};
/* End PBXNativeTarget section */

/* Begin PBXProject section */
		AAAB4A821A5D92FD006DEE31 /* Project object */ = {
			isa = PBXProject;
			attributes = {
				LastUpgradeCheck = 0610;
				ORGANIZATIONNAME = "Brian Hayden";
				TargetAttributes = {
					AAAB4A891A5D92FD006DEE31 = {
						CreatedOnToolsVersion = 6.1.1;
					};
					AAAB4A9E1A5D92FD006DEE31 = {
						CreatedOnToolsVersion = 6.1.1;
						TestTargetID = AAAB4A891A5D92FD006DEE31;
					};
				};
			};
			buildConfigurationList = AAAB4A851A5D92FD006DEE31 /* Build configuration list for PBXProject "github" */;
			compatibilityVersion = "Xcode 3.2";
			developmentRegion = English;
			hasScannedForEncodings = 0;
			knownRegions = (
				en,
				Base,
			);
			mainGroup = AAAB4A811A5D92FD006DEE31;
			productRefGroup = AAAB4A8B1A5D92FD006DEE31 /* Products */;
			projectDirPath = "";
			projectRoot = "";
			targets = (
				AAAB4A891A5D92FD006DEE31 /* github */,
				AAAB4A9E1A5D92FD006DEE31 /* githubTests */,
			);
		};
/* End PBXProject section */

/* Begin PBXResourcesBuildPhase section */
		AAAB4A881A5D92FD006DEE31 /* Resources */ = {
			isa = PBXResourcesBuildPhase;
			buildActionMask = 2147483647;
			files = (
				AAAB4A951A5D92FD006DEE31 /* Main.storyboard in Resources */,
				AAAB4A9A1A5D92FD006DEE31 /* LaunchScreen.xib in Resources */,
				AAAB4A971A5D92FD006DEE31 /* Images.xcassets in Resources */,
			);
			runOnlyForDeploymentPostprocessing = 0;
		};
		AAAB4A9D1A5D92FD006DEE31 /* Resources */ = {
			isa = PBXResourcesBuildPhase;
			buildActionMask = 2147483647;
			files = (
			);
			runOnlyForDeploymentPostprocessing = 0;
		};
/* End PBXResourcesBuildPhase section */

/* Begin PBXSourcesBuildPhase section */
		AAAB4A861A5D92FD006DEE31 /* Sources */ = {
			isa = PBXSourcesBuildPhase;
			buildActionMask = 2147483647;
			files = (
				AAAB4A921A5D92FD006DEE31 /* ViewController.swift in Sources */,
				AAAB4A901A5D92FD006DEE31 /* AppDelegate.swift in Sources */,
			);
			runOnlyForDeploymentPostprocessing = 0;
		};
		AAAB4A9B1A5D92FD006DEE31 /* Sources */ = {
			isa = PBXSourcesBuildPhase;
			buildActionMask = 2147483647;
			files = (
				AAAB4AA61A5D92FD006DEE31 /* githubTests.swift in Sources */,
			);
			runOnlyForDeploymentPostprocessing = 0;
		};
/* End PBXSourcesBuildPhase section */

/* Begin PBXTargetDependency section */
		AAAB4AA11A5D92FD006DEE31 /* PBXTargetDependency */ = {
			isa = PBXTargetDependency;
			target = AAAB4A891A5D92FD006DEE31 /* github */;
			targetProxy = AAAB4AA01A5D92FD006DEE31 /* PBXContainerItemProxy */;
		};
/* End PBXTargetDependency section */

/* Begin PBXVariantGroup section */
		AAAB4A931A5D92FD006DEE31 /* Main.storyboard */ = {
			isa = PBXVariantGroup;
			children = (
				AAAB4A941A5D92FD006DEE31 /* Base */,
			);
			name = Main.storyboard;
			sourceTree = "<group>";
		};
		AAAB4A981A5D92FD006DEE31 /* LaunchScreen.xib */ = {
			isa = PBXVariantGroup;
			children = (
				AAAB4A991A5D92FD006DEE31 /* Base */,
			);
			name = LaunchScreen.xib;
			sourceTree = "<group>";
		};
/* End PBXVariantGroup section */

/* Begin XCBuildConfiguration section */
		AAAB4AA71A5D92FD006DEE31 /* Debug */ = {
			isa = XCBuildConfiguration;
			buildSettings = {
				ALWAYS_SEARCH_USER_PATHS = NO;
				CLANG_CXX_LANGUAGE_STANDARD = "gnu++0x";
				CLANG_CXX_LIBRARY = "libc++";
				CLANG_ENABLE_MODULES = YES;
				CLANG_ENABLE_OBJC_ARC = YES;
				CLANG_WARN_BOOL_CONVERSION = YES;
				CLANG_WARN_CONSTANT_CONVERSION = YES;
				CLANG_WARN_DIRECT_OBJC_ISA_USAGE = YES_ERROR;
				CLANG_WARN_EMPTY_BODY = YES;
				CLANG_WARN_ENUM_CONVERSION = YES;
				CLANG_WARN_INT_CONVERSION = YES;
				CLANG_WARN_OBJC_ROOT_CLASS = YES_ERROR;
				CLANG_WARN_UNREACHABLE_CODE = YES;
				CLANG_WARN__DUPLICATE_METHOD_MATCH = YES;
				"CODE_SIGN_IDENTITY[sdk=iphoneos*]" = "iPhone Developer";
				COPY_PHASE_STRIP = NO;
				ENABLE_STRICT_OBJC_MSGSEND = YES;
				GCC_C_LANGUAGE_STANDARD = gnu99;
				GCC_DYNAMIC_NO_PIC = NO;
				GCC_OPTIMIZATION_LEVEL = 0;
				GCC_PREPROCESSOR_DEFINITIONS = (
					"DEBUG=1",
					"$(inherited)",
				);
				GCC_SYMBOLS_PRIVATE_EXTERN = NO;
				GCC_WARN_64_TO_32_BIT_CONVERSION = YES;
				GCC_WARN_ABOUT_RETURN_TYPE = YES_ERROR;
				GCC_WARN_UNDECLARED_SELECTOR = YES;
				GCC_WARN_UNINITIALIZED_AUTOS = YES_AGGRESSIVE;
				GCC_WARN_UNUSED_FUNCTION = YES;
				GCC_WARN_UNUSED_VARIABLE = YES;
				IPHONEOS_DEPLOYMENT_TARGET = 8.1;
				MTL_ENABLE_DEBUG_INFO = YES;
				ONLY_ACTIVE_ARCH = YES;
				SDKROOT = iphoneos;
				SWIFT_OPTIMIZATION_LEVEL = "-Onone";
				TARGETED_DEVICE_FAMILY = "1,2";
			};
			name = Debug;
		};
		AAAB4AA81A5D92FD006DEE31 /* Release */ = {
			isa = XCBuildConfiguration;
			buildSettings = {
				ALWAYS_SEARCH_USER_PATHS = NO;
				CLANG_CXX_LANGUAGE_STANDARD = "gnu++0x";
				CLANG_CXX_LIBRARY = "libc++";
				CLANG_ENABLE_MODULES = YES;
				CLANG_ENABLE_OBJC_ARC = YES;
				CLANG_WARN_BOOL_CONVERSION = YES;
				CLANG_WARN_CONSTANT_CONVERSION = YES;
				CLANG_WARN_DIRECT_OBJC_ISA_USAGE = YES_ERROR;
				CLANG_WARN_EMPTY_BODY = YES;
				CLANG_WARN_ENUM_CONVERSION = YES;
				CLANG_WARN_INT_CONVERSION = YES;
				CLANG_WARN_OBJC_ROOT_CLASS = YES_ERROR;
				CLANG_WARN_UNREACHABLE_CODE = YES;
				CLANG_WARN__DUPLICATE_METHOD_MATCH = YES;
				"CODE_SIGN_IDENTITY[sdk=iphoneos*]" = "iPhone Developer";
				COPY_PHASE_STRIP = YES;
				ENABLE_NS_ASSERTIONS = NO;
				ENABLE_STRICT_OBJC_MSGSEND = YES;
				GCC_C_LANGUAGE_STANDARD = gnu99;
				GCC_WARN_64_TO_32_BIT_CONVERSION = YES;
				GCC_WARN_ABOUT_RETURN_TYPE = YES_ERROR;
				GCC_WARN_UNDECLARED_SELECTOR = YES;
				GCC_WARN_UNINITIALIZED_AUTOS = YES_AGGRESSIVE;
				GCC_WARN_UNUSED_FUNCTION = YES;
				GCC_WARN_UNUSED_VARIABLE = YES;
				IPHONEOS_DEPLOYMENT_TARGET = 8.1;
				MTL_ENABLE_DEBUG_INFO = NO;
				SDKROOT = iphoneos;
				TARGETED_DEVICE_FAMILY = "1,2";
				VALIDATE_PRODUCT = YES;
			};
			name = Release;
		};
		AAAB4AAA1A5D92FD006DEE31 /* Debug */ = {
			isa = XCBuildConfiguration;
			buildSettings = {
				ASSETCATALOG_COMPILER_APPICON_NAME = AppIcon;
				INFOPLIST_FILE = github/Info.plist;
				LD_RUNPATH_SEARCH_PATHS = "$(inherited) @executable_path/Frameworks";
				PRODUCT_NAME = "$(TARGET_NAME)";
			};
			name = Debug;
		};
		AAAB4AAB1A5D92FD006DEE31 /* Release */ = {
			isa = XCBuildConfiguration;
			buildSettings = {
				ASSETCATALOG_COMPILER_APPICON_NAME = AppIcon;
				INFOPLIST_FILE = github/Info.plist;
				LD_RUNPATH_SEARCH_PATHS = "$(inherited) @executable_path/Frameworks";
				PRODUCT_NAME = "$(TARGET_NAME)";
			};
			name = Release;
		};
		AAAB4AAD1A5D92FD006DEE31 /* Debug */ = {
			isa = XCBuildConfiguration;
			buildSettings = {
				BUNDLE_LOADER = "$(TEST_HOST)";
				FRAMEWORK_SEARCH_PATHS = (
					"$(SDKROOT)/Developer/Library/Frameworks",
					"$(inherited)",
				);
				GCC_PREPROCESSOR_DEFINITIONS = (
					"DEBUG=1",
					"$(inherited)",
				);
				INFOPLIST_FILE = githubTests/Info.plist;
				LD_RUNPATH_SEARCH_PATHS = "$(inherited) @executable_path/Frameworks @loader_path/Frameworks";
				PRODUCT_NAME = "$(TARGET_NAME)";
				TEST_HOST = "$(BUILT_PRODUCTS_DIR)/github.app/github";
			};
			name = Debug;
		};
		AAAB4AAE1A5D92FD006DEE31 /* Release */ = {
			isa = XCBuildConfiguration;
			buildSettings = {
				BUNDLE_LOADER = "$(TEST_HOST)";
				FRAMEWORK_SEARCH_PATHS = (
					"$(SDKROOT)/Developer/Library/Frameworks",
					"$(inherited)",
				);
				INFOPLIST_FILE = githubTests/Info.plist;
				LD_RUNPATH_SEARCH_PATHS = "$(inherited) @executable_path/Frameworks @loader_path/Frameworks";
				PRODUCT_NAME = "$(TARGET_NAME)";
				TEST_HOST = "$(BUILT_PRODUCTS_DIR)/github.app/github";
			};
			name = Release;
		};
/* End XCBuildConfiguration section */

/* Begin XCConfigurationList section */
		AAAB4A851A5D92FD006DEE31 /* Build configuration list for PBXProject "github" */ = {
			isa = XCConfigurationList;
			buildConfigurations = (
				AAAB4AA71A5D92FD006DEE31 /* Debug */,
				AAAB4AA81A5D92FD006DEE31 /* Release */,
			);
			defaultConfigurationIsVisible = 0;
			defaultConfigurationName = Release;
		};
		AAAB4AA91A5D92FD006DEE31 /* Build configuration list for PBXNativeTarget "github" */ = {
			isa = XCConfigurationList;
			buildConfigurations = (
				AAAB4AAA1A5D92FD006DEE31 /* Debug */,
				AAAB4AAB1A5D92FD006DEE31 /* Release */,
			);
			defaultConfigurationIsVisible = 0;
		};
		AAAB4AAC1A5D92FD006DEE31 /* Build configuration list for PBXNativeTarget "githubTests" */ = {
			isa = XCConfigurationList;
			buildConfigurations = (
				AAAB4AAD1A5D92FD006DEE31 /* Debug */,
				AAAB4AAE1A5D92FD006DEE31 /* Release */,
			);
			defaultConfigurationIsVisible = 0;
		};
/* End XCConfigurationList section */
	};
	rootObject = AAAB4A821A5D92FD006DEE31 /* Project object */;
}
